
Microsoft Visual Studio Solution File, Format Version 12.00
# Visual Studio Version 17
VisualStudioVersion = 17.0.32014.148
MinimumVisualStudioVersion = 10.0.40219.1
Project("{FAE04EC0-301F-11D3-BF4B-00C04F79EFBC}") = "ProjectQLTS", "ProjectQLTS\ProjectQLTS.csproj", "{1CB13B38-8CDC-4000-B73A-0813FD7255ED}"
EndProject
Global
	GlobalSection(SolutionConfigurationPlatforms) = preSolution
		Debug|Any CPU = Debug|Any CPU
		Release|Any CPU = Release|Any CPU
	EndGlobalSection
	GlobalSection(ProjectConfigurationPlatforms) = postSolution
		{1CB13B38-8CDC-4000-B73A-0813FD7255ED}.Debug|Any CPU.ActiveCfg = Debug|Any CPU
		{1CB13B38-8CDC-4000-B73A-0813FD7255ED}.Debug|Any CPU.Build.0 = Debug|Any CPU
		{1CB13B38-8CDC-4000-B73A-0813FD7255ED}.Release|Any CPU.ActiveCfg = Release|Any CPU
		{1CB13B38-8CDC-4000-B73A-0813FD7255ED}.Release|Any CPU.Build.0 = Release|Any CPU
	EndGlobalSection
	GlobalSection(SolutionProperties) = preSolution
		HideSolutionNode = FALSE
	EndGlobalSection
	GlobalSection(ExtensibilityGlobals) = postSolution
		SolutionGuid = {4485BAAD-A6E8-4E5A-833F-9281A90F8A3F}
	EndGlobalSection
EndGlobal
